
Microsoft Visual Studio Solution File, Format Version 12.00
# Visual Studio Version 17
VisualStudioVersion = 17.13.35919.96 d17.13
MinimumVisualStudioVersion = 10.0.40219.1
Project("{FAE04EC0-301F-11D3-BF4B-00C04F79EFBC}") = "Array_practice(library)", "Array_practice(library)\Array_practice(library).csproj", "{14274C6C-3A2D-4BD9-8C12-DAE8A8191744}"
EndProject
Global
	GlobalSection(SolutionConfigurationPlatforms) = preSolution
		Debug|Any CPU = Debug|Any CPU
		Release|Any CPU = Release|Any CPU
	EndGlobalSection
	GlobalSection(ProjectConfigurationPlatforms) = postSolution
		{14274C6C-3A2D-4BD9-8C12-DAE8A8191744}.Debug|Any CPU.ActiveCfg = Debug|Any CPU
		{14274C6C-3A2D-4BD9-8C12-DAE8A8191744}.Debug|Any CPU.Build.0 = Debug|Any CPU
		{14274C6C-3A2D-4BD9-8C12-DAE8A8191744}.Release|Any CPU.ActiveCfg = Release|Any CPU
		{14274C6C-3A2D-4BD9-8C12-DAE8A8191744}.Release|Any CPU.Build.0 = Release|Any CPU
	EndGlobalSection
	GlobalSection(SolutionProperties) = preSolution
		HideSolutionNode = FALSE
	EndGlobalSection
	GlobalSection(ExtensibilityGlobals) = postSolution
		SolutionGuid = {DE19ADF6-5428-4073-AB24-852E979FE0A2}
	EndGlobalSection
EndGlobal
